Microsoft Visual Studio Solution File, Format Version 11.00
# Visual Studio 2008

Project("{68D90D03-B944-94E9-1CAD-E22CDA5922C9}") = "GestureRecognizer", "Assembly-CSharp.csproj", "{6382CC40-6C2E-6738-E35E-40699510708E}"
EndProject
Global
	GlobalSection(SolutionConfigurationPlatforms) = preSolution
		Debug|Any CPU = Debug|Any CPU
		Release|Any CPU = Release|Any CPU
	EndGlobalSection
	GlobalSection(ProjectConfigurationPlatforms) = postSolution
		{6382CC40-6C2E-6738-E35E-40699510708E}.Debug|Any CPU.ActiveCfg = Debug|Any CPU
		{6382CC40-6C2E-6738-E35E-40699510708E}.Debug|Any CPU.Build.0 = Debug|Any CPU
		{6382CC40-6C2E-6738-E35E-40699510708E}.Release|Any CPU.ActiveCfg = Release|Any CPU
		{6382CC40-6C2E-6738-E35E-40699510708E}.Release|Any CPU.Build.0 = Release|Any CPU
	EndGlobalSection
	GlobalSection(SolutionProperties) = preSolution
		HideSolutionNode = FALSE
	EndGlobalSection
	GlobalSection(MonoDevelopProperties) = preSolution
		StartupItem = Assembly-CSharp.csproj
	EndGlobalSection
EndGlobal
