Microsoft Visual Studio Solution File, Format Version 11.00
# Visual Studio 2008

Project("{2A756A85-3E26-7F01-641B-911691140217}") = "Recognize", "Assembly-CSharp.csproj", "{506BFEAC-4D4D-BFD3-6EAA-AB2C2B4DF2A1}"
EndProject
Global
	GlobalSection(SolutionConfigurationPlatforms) = preSolution
		Debug|Any CPU = Debug|Any CPU
		Release|Any CPU = Release|Any CPU
	EndGlobalSection
	GlobalSection(ProjectConfigurationPlatforms) = postSolution
		{506BFEAC-4D4D-BFD3-6EAA-AB2C2B4DF2A1}.Debug|Any CPU.ActiveCfg = Debug|Any CPU
		{506BFEAC-4D4D-BFD3-6EAA-AB2C2B4DF2A1}.Debug|Any CPU.Build.0 = Debug|Any CPU
		{506BFEAC-4D4D-BFD3-6EAA-AB2C2B4DF2A1}.Release|Any CPU.ActiveCfg = Release|Any CPU
		{506BFEAC-4D4D-BFD3-6EAA-AB2C2B4DF2A1}.Release|Any CPU.Build.0 = Release|Any CPU
	EndGlobalSection
	GlobalSection(SolutionProperties) = preSolution
		HideSolutionNode = FALSE
	EndGlobalSection
	GlobalSection(MonoDevelopProperties) = preSolution
		StartupItem = Assembly-CSharp.csproj
	EndGlobalSection
EndGlobal
